
Microsoft Visual Studio Solution File, Format Version 12.00
# Visual Studio Version 17
VisualStudioVersion = 17.14.37012.4 d17.14
MinimumVisualStudioVersion = 10.0.40219.1
Project("{FAE04EC0-301F-11D3-BF4B-00C04F79EFBC}") = "ExportExcelConfig", "ExportExcelConfig.csproj", "{26388DAC-C737-47CE-A35D-2CDC675FE09A}"
EndProject
Global
	GlobalSection(SolutionConfigurationPlatforms) = preSolution
		Debug|Any CPU = Debug|Any CPU
		Release|Any CPU = Release|Any CPU
	EndGlobalSection
	GlobalSection(ProjectConfigurationPlatforms) = postSolution
		{26388DAC-C737-47CE-A35D-2CDC675FE09A}.Debug|Any CPU.ActiveCfg = Debug|Any CPU
		{26388DAC-C737-47CE-A35D-2CDC675FE09A}.Debug|Any CPU.Build.0 = Debug|Any CPU
		{26388DAC-C737-47CE-A35D-2CDC675FE09A}.Release|Any CPU.ActiveCfg = Release|Any CPU
		{26388DAC-C737-47CE-A35D-2CDC675FE09A}.Release|Any CPU.Build.0 = Release|Any CPU
	EndGlobalSection
	GlobalSection(SolutionProperties) = preSolution
		HideSolutionNode = FALSE
	EndGlobalSection
	GlobalSection(ExtensibilityGlobals) = postSolution
		SolutionGuid = {0DA649E9-A893-4FC8-87C0-C794D49C5857}
	EndGlobalSection
EndGlobal
